
Microsoft Visual Studio Solution File, Format Version 12.00
Project("{FAE04EC0-301F-11D3-BF4B-00C04F79EFBC}") = "Lab_2", "Lab_2\Lab_2.csproj", "{DBD198DF-1265-4EAA-AD52-F8456A18D745}"
EndProject
Global
	GlobalSection(SolutionConfigurationPlatforms) = preSolution
		Debug|Any CPU = Debug|Any CPU
		Release|Any CPU = Release|Any CPU
	EndGlobalSection
	GlobalSection(ProjectConfigurationPlatforms) = postSolution
		{DBD198DF-1265-4EAA-AD52-F8456A18D745}.Debug|Any CPU.ActiveCfg = Debug|Any CPU
		{DBD198DF-1265-4EAA-AD52-F8456A18D745}.Debug|Any CPU.Build.0 = Debug|Any CPU
		{DBD198DF-1265-4EAA-AD52-F8456A18D745}.Release|Any CPU.ActiveCfg = Release|Any CPU
		{DBD198DF-1265-4EAA-AD52-F8456A18D745}.Release|Any CPU.Build.0 = Release|Any CPU
	EndGlobalSection
EndGlobal
